// !$*UTF8*$!
{
	archiveVersion = 1;
	classes = {
	};
	objectVersion = 46;
	objects = {

/* Begin PBXBuildFile section */
		12DF7F283D1282A6B4CACAF5 /* libPods.a in Frameworks */ = {isa = PBXBuildFile; fileRef = E494B78D091830E020F742B5 /* libPods.a */; };
		2760A4521A8425AD000910EB /* main.m in Sources */ = {isa = PBXBuildFile; fileRef = 2760A4511A8425AD000910EB /* main.m */; };
		2760A4551A8425AD000910EB /* AppDelegate.m in Sources */ = {isa = PBXBuildFile; fileRef = 2760A4541A8425AD000910EB /* AppDelegate.m */; };
		2760A4581A8425AD000910EB /* goTennaApp.xcdatamodeld in Sources */ = {isa = PBXBuildFile; fileRef = 2760A4561A8425AD000910EB /* goTennaApp.xcdatamodeld */; };
		2760A45B1A8425AD000910EB /* ViewController.m in Sources */ = {isa = PBXBuildFile; fileRef = 2760A45A1A8425AD000910EB /* ViewController.m */; };
		2760A45E1A8425AD000910EB /* Main.storyboard in Resources */ = {isa = PBXBuildFile; fileRef = 2760A45C1A8425AD000910EB /* Main.storyboard */; };
		2760A4601A8425AD000910EB /* Images.xcassets in Resources */ = {isa = PBXBuildFile; fileRef = 2760A45F1A8425AD000910EB /* Images.xcassets */; };
		2760A4631A8425AD000910EB /* LaunchScreen.xib in Resources */ = {isa = PBXBuildFile; fileRef = 2760A4611A8425AD000910EB /* LaunchScreen.xib */; };
		2760A4981A8427C6000910EB /* libcryptopp.a in Frameworks */ = {isa = PBXBuildFile; fileRef = 2760A4971A8427C6000910EB /* libcryptopp.a */; };
		2760A4A21A842942000910EB /* UnitTests.m in Sources */ = {isa = PBXBuildFile; fileRef = 2760A4A11A842942000910EB /* UnitTests.m */; };
		2760A4A91A842BD2000910EB /* Accelerate.framework in Frameworks */ = {isa = PBXBuildFile; fileRef = 2760A4A81A842BD2000910EB /* Accelerate.framework */; };
		2760A4AB1A842BD9000910EB /* AudioToolbox.framework in Frameworks */ = {isa = PBXBuildFile; fileRef = 2760A4AA1A842BD9000910EB /* AudioToolbox.framework */; };
		2760A4AD1A842BDE000910EB /* CFNetwork.framework in Frameworks */ = {isa = PBXBuildFile; fileRef = 2760A4AC1A842BDE000910EB /* CFNetwork.framework */; };
		2760A4AF1A842BE7000910EB /* CoreData.framework in Frameworks */ = {isa = PBXBuildFile; fileRef = 2760A4AE1A842BE7000910EB /* CoreData.framework */; };
		2760A4B11A842BEE000910EB /* CoreGraphics.framework in Frameworks */ = {isa = PBXBuildFile; fileRef = 2760A4B01A842BEE000910EB /* CoreGraphics.framework */; };
		2760A4B31A842BF5000910EB /* CoreLocation.framework in Frameworks */ = {isa = PBXBuildFile; fileRef = 2760A4B21A842BF5000910EB /* CoreLocation.framework */; };
		2760A4B51A842BFF000910EB /* Foundation.framework in Frameworks */ = {isa = PBXBuildFile; fileRef = 2760A4B41A842BFF000910EB /* Foundation.framework */; };
		2760A4B71A842C0A000910EB /* MapKit.framework in Frameworks */ = {isa = PBXBuildFile; fileRef = 2760A4B61A842C0A000910EB /* MapKit.framework */; };
		2760A4B91A842C11000910EB /* MobileCoreServices.framework in Frameworks */ = {isa = PBXBuildFile; fileRef = 2760A4B81A842C11000910EB /* MobileCoreServices.framework */; };
		2760A4BB1A842C18000910EB /* QuartzCore.framework in Frameworks */ = {isa = PBXBuildFile; fileRef = 2760A4BA1A842C18000910EB /* QuartzCore.framework */; };
		2760A4BD1A842C1F000910EB /* Security.framework in Frameworks */ = {isa = PBXBuildFile; fileRef = 2760A4BC1A842C1F000910EB /* Security.framework */; };
		2760A4BF1A842C26000910EB /* StoreKit.framework in Frameworks */ = {isa = PBXBuildFile; fileRef = 2760A4BE1A842C26000910EB /* StoreKit.framework */; };
		2760A4C11A842C31000910EB /* SystemConfiguration.framework in Frameworks */ = {isa = PBXBuildFile; fileRef = 2760A4C01A842C31000910EB /* SystemConfiguration.framework */; };
		2760A4C31A842C36000910EB /* UIKit.framework in Frameworks */ = {isa = PBXBuildFile; fileRef = 2760A4C21A842C36000910EB /* UIKit.framework */; };
		E2DC2C45252AAF669C133E5E /* libPods-UnitTests.a in Frameworks */ = {isa = PBXBuildFile; fileRef = 73A4286A4857F0A742134478 /* libPods-UnitTests.a */; };
/* End PBXBuildFile section */

/* Begin PBXContainerItemProxy section */
		2760A4A31A842942000910EB /* PBXContainerItemProxy */ = {
			isa = PBXContainerItemProxy;
			containerPortal = 2760A4441A8425AD000910EB /* Project object */;
			proxyType = 1;
			remoteGlobalIDString = 2760A44B1A8425AD000910EB;
			remoteInfo = goTennaApp;
		};
/* End PBXContainerItemProxy section */

/* Begin PBXFileReference section */
		2760A44C1A8425AD000910EB /* goTennaApp.app */ = {isa = PBXFileReference; explicitFileType = wrapper.application; includeInIndex = 0; path = goTennaApp.app; sourceTree = BUILT_PRODUCTS_DIR; };
		2760A4501A8425AD000910EB /* Info.plist */ = {isa = PBXFileReference; lastKnownFileType = text.plist.xml; path = Info.plist; sourceTree = "<group>"; };
		2760A4511A8425AD000910EB /* main.m */ = {isa = PBXFileReference; lastKnownFileType = sourcecode.c.objc; path = main.m; sourceTree = "<group>"; };
		2760A4531A8425AD000910EB /* AppDelegate.h */ = {isa = PBXFileReference; lastKnownFileType = sourcecode.c.h; path = AppDelegate.h; sourceTree = "<group>"; };
		2760A4541A8425AD000910EB /* AppDelegate.m */ = {isa = PBXFileReference; lastKnownFileType = sourcecode.c.objc; path = AppDelegate.m; sourceTree = "<group>"; };
		2760A4571A8425AD000910EB /* goTennaApp.xcdatamodel */ = {isa = PBXFileReference; lastKnownFileType = wrapper.xcdatamodel; path = goTennaApp.xcdatamodel; sourceTree = "<group>"; };
		2760A4591A8425AD000910EB /* ViewController.h */ = {isa = PBXFileReference; lastKnownFileType = sourcecode.c.h; path = ViewController.h; sourceTree = "<group>"; };
		2760A45A1A8425AD000910EB /* ViewController.m */ = {isa = PBXFileReference; lastKnownFileType = sourcecode.c.objc; path = ViewController.m; sourceTree = "<group>"; };
		2760A45D1A8425AD000910EB /* Base */ = {isa = PBXFileReference; lastKnownFileType = file.storyboard; name = Base; path = Base.lproj/Main.storyboard; sourceTree = "<group>"; };
		2760A45F1A8425AD000910EB /* Images.xcassets */ = {isa = PBXFileReference; lastKnownFileType = folder.assetcatalog; path = Images.xcassets; sourceTree = "<group>"; };
		2760A4621A8425AD000910EB /* Base */ = {isa = PBXFileReference; lastKnownFileType = file.xib; name = Base; path = Base.lproj/LaunchScreen.xib; sourceTree = "<group>"; };
		2760A4971A8427C6000910EB /* libcryptopp.a */ = {isa = PBXFileReference; explicitFileType = archive.ar; name = libcryptopp.a; path = "/usr/local/cryptopp-ios/lib/libcryptopp.a"; sourceTree = "<absolute>"; };
		2760A49D1A842942000910EB /* UnitTests.xctest */ = {isa = PBXFileReference; explicitFileType = wrapper.cfbundle; includeInIndex = 0; path = UnitTests.xctest; sourceTree = BUILT_PRODUCTS_DIR; };
		2760A4A01A842942000910EB /* Info.plist */ = {isa = PBXFileReference; lastKnownFileType = text.plist.xml; path = Info.plist; sourceTree = "<group>"; };
		2760A4A11A842942000910EB /* UnitTests.m */ = {isa = PBXFileReference; lastKnownFileType = sourcecode.c.objc; path = UnitTests.m; sourceTree = "<group>"; };
		2760A4A81A842BD2000910EB /* Accelerate.framework */ = {isa = PBXFileReference; lastKnownFileType = wrapper.framework; name = Accelerate.framework; path = System/Library/Frameworks/Accelerate.framework; sourceTree = SDKROOT; };
		2760A4AA1A842BD9000910EB /* AudioToolbox.framework */ = {isa = PBXFileReference; lastKnownFileType = wrapper.framework; name = AudioToolbox.framework; path = System/Library/Frameworks/AudioToolbox.framework; sourceTree = SDKROOT; };
		2760A4AC1A842BDE000910EB /* CFNetwork.framework */ = {isa = PBXFileReference; lastKnownFileType = wrapper.framework; name = CFNetwork.framework; path = System/Library/Frameworks/CFNetwork.framework; sourceTree = SDKROOT; };
		2760A4AE1A842BE7000910EB /* CoreData.framework */ = {isa = PBXFileReference; lastKnownFileType = wrapper.framework; name = CoreData.framework; path = System/Library/Frameworks/CoreData.framework; sourceTree = SDKROOT; };
		2760A4B01A842BEE000910EB /* CoreGraphics.framework */ = {isa = PBXFileReference; lastKnownFileType = wrapper.framework; name = CoreGraphics.framework; path = System/Library/Frameworks/CoreGraphics.framework; sourceTree = SDKROOT; };
		2760A4B21A842BF5000910EB /* CoreLocation.framework */ = {isa = PBXFileReference; lastKnownFileType = wrapper.framework; name = CoreLocation.framework; path = System/Library/Frameworks/CoreLocation.framework; sourceTree = SDKROOT; };
		2760A4B41A842BFF000910EB /* Foundation.framework */ = {isa = PBXFileReference; lastKnownFileType = wrapper.framework; name = Foundation.framework; path = System/Library/Frameworks/Foundation.framework; sourceTree = SDKROOT; };
		2760A4B61A842C0A000910EB /* MapKit.framework */ = {isa = PBXFileReference; lastKnownFileType = wrapper.framework; name = MapKit.framework; path = System/Library/Frameworks/MapKit.framework; sourceTree = SDKROOT; };
		2760A4B81A842C11000910EB /* MobileCoreServices.framework */ = {isa = PBXFileReference; lastKnownFileType = wrapper.framework; name = MobileCoreServices.framework; path = System/Library/Frameworks/MobileCoreServices.framework; sourceTree = SDKROOT; };
		2760A4BA1A842C18000910EB /* QuartzCore.framework */ = {isa = PBXFileReference; lastKnownFileType = wrapper.framework; name = QuartzCore.framework; path = System/Library/Frameworks/QuartzCore.framework; sourceTree = SDKROOT; };
		2760A4BC1A842C1F000910EB /* Security.framework */ = {isa = PBXFileReference; lastKnownFileType = wrapper.framework; name = Security.framework; path = System/Library/Frameworks/Security.framework; sourceTree = SDKROOT; };
		2760A4BE1A842C26000910EB /* StoreKit.framework */ = {isa = PBXFileReference; lastKnownFileType = wrapper.framework; name = StoreKit.framework; path = System/Library/Frameworks/StoreKit.framework; sourceTree = SDKROOT; };
		2760A4C01A842C31000910EB /* SystemConfiguration.framework */ = {isa = PBXFileReference; lastKnownFileType = wrapper.framework; name = SystemConfiguration.framework; path = System/Library/Frameworks/SystemConfiguration.framework; sourceTree = SDKROOT; };
		2760A4C21A842C36000910EB /* UIKit.framework */ = {isa = PBXFileReference; lastKnownFileType = wrapper.framework; name = UIKit.framework; path = System/Library/Frameworks/UIKit.framework; sourceTree = SDKROOT; };
		35E2AAB3F3D491547CA0C9C7 /* Pods-UnitTests.debug.xcconfig */ = {isa = PBXFileReference; includeInIndex = 1; lastKnownFileType = text.xcconfig; name = "Pods-UnitTests.debug.xcconfig"; path = "Pods/Target Support Files/Pods-UnitTests/Pods-UnitTests.debug.xcconfig"; sourceTree = "<group>"; };
		699D92A826BC3465A7DBE808 /* Pods.debug.xcconfig */ = {isa = PBXFileReference; includeInIndex = 1; lastKnownFileType = text.xcconfig; name = Pods.debug.xcconfig; path = "Pods/Target Support Files/Pods/Pods.debug.xcconfig"; sourceTree = "<group>"; };
		73A4286A4857F0A742134478 /* libPods-UnitTests.a */ = {isa = PBXFileReference; explicitFileType = archive.ar; includeInIndex = 0; path = "libPods-UnitTests.a"; sourceTree = BUILT_PRODUCTS_DIR; };
		78E36776DE06B464B587F7B5 /* Pods.release.xcconfig */ = {isa = PBXFileReference; includeInIndex = 1; lastKnownFileType = text.xcconfig; name = Pods.release.xcconfig; path = "Pods/Target Support Files/Pods/Pods.release.xcconfig"; sourceTree = "<group>"; };
		A81EDF8DDE98CB191C12D327 /* Pods-UnitTests.release.xcconfig */ = {isa = PBXFileReference; includeInIndex = 1; lastKnownFileType = text.xcconfig; name = "Pods-UnitTests.release.xcconfig"; path = "Pods/Target Support Files/Pods-UnitTests/Pods-UnitTests.release.xcconfig"; sourceTree = "<group>"; };
		E494B78D091830E020F742B5 /* libPods.a */ = {isa = PBXFileReference; explicitFileType = archive.ar; includeInIndex = 0; path = libPods.a; sourceTree = BUILT_PRODUCTS_DIR; };
/* End PBXFileReference section */

/* Begin PBXFrameworksBuildPhase section */
		2760A4491A8425AD000910EB /* Frameworks */ = {
			isa = PBXFrameworksBuildPhase;
			buildActionMask = 2147483647;
			files = (
				2760A4C31A842C36000910EB /* UIKit.framework in Frameworks */,
				2760A4C11A842C31000910EB /* SystemConfiguration.framework in Frameworks */,
				2760A4BF1A842C26000910EB /* StoreKit.framework in Frameworks */,
				2760A4BD1A842C1F000910EB /* Security.framework in Frameworks */,
				2760A4BB1A842C18000910EB /* QuartzCore.framework in Frameworks */,
				2760A4B91A842C11000910EB /* MobileCoreServices.framework in Frameworks */,
				2760A4B71A842C0A000910EB /* MapKit.framework in Frameworks */,
				2760A4B51A842BFF000910EB /* Foundation.framework in Frameworks */,
				2760A4B31A842BF5000910EB /* CoreLocation.framework in Frameworks */,
				2760A4B11A842BEE000910EB /* CoreGraphics.framework in Frameworks */,
				2760A4AF1A842BE7000910EB /* CoreData.framework in Frameworks */,
				2760A4AD1A842BDE000910EB /* CFNetwork.framework in Frameworks */,
				2760A4AB1A842BD9000910EB /* AudioToolbox.framework in Frameworks */,
				2760A4A91A842BD2000910EB /* Accelerate.framework in Frameworks */,
				2760A4981A8427C6000910EB /* libcryptopp.a in Frameworks */,
				12DF7F283D1282A6B4CACAF5 /* libPods.a in Frameworks */,
			);
			runOnlyForDeploymentPostprocessing = 0;
		};
		2760A49A1A842942000910EB /* Frameworks */ = {
			isa = PBXFrameworksBuildPhase;
			buildActionMask = 2147483647;
			files = (
				E2DC2C45252AAF669C133E5E /* libPods-UnitTests.a in Frameworks */,
			);
			runOnlyForDeploymentPostprocessing = 0;
		};
/* End PBXFrameworksBuildPhase section */

/* Begin PBXGroup section */
		2760A4431A8425AD000910EB = {
			isa = PBXGroup;
			children = (
				2760A4971A8427C6000910EB /* libcryptopp.a */,
				2760A44E1A8425AD000910EB /* goTennaApp */,
				2760A49E1A842942000910EB /* UnitTests */,
				2760A44D1A8425AD000910EB /* Products */,
				2760A4961A8425FD000910EB /* Frameworks */,
				9B25D5DB562B7C5862744025 /* Pods */,
			);
			sourceTree = "<group>";
		};
		2760A44D1A8425AD000910EB /* Products */ = {
			isa = PBXGroup;
			children = (
				2760A44C1A8425AD000910EB /* goTennaApp.app */,
				2760A49D1A842942000910EB /* UnitTests.xctest */,
			);
			name = Products;
			sourceTree = "<group>";
		};
		2760A44E1A8425AD000910EB /* goTennaApp */ = {
			isa = PBXGroup;
			children = (
				2760A4531A8425AD000910EB /* AppDelegate.h */,
				2760A4541A8425AD000910EB /* AppDelegate.m */,
				2760A4591A8425AD000910EB /* ViewController.h */,
				2760A45A1A8425AD000910EB /* ViewController.m */,
				2760A45C1A8425AD000910EB /* Main.storyboard */,
				2760A45F1A8425AD000910EB /* Images.xcassets */,
				2760A4611A8425AD000910EB /* LaunchScreen.xib */,
				2760A4561A8425AD000910EB /* goTennaApp.xcdatamodeld */,
				2760A44F1A8425AD000910EB /* Supporting Files */,
			);
			path = goTennaApp;
			sourceTree = "<group>";
		};
		2760A44F1A8425AD000910EB /* Supporting Files */ = {
			isa = PBXGroup;
			children = (
				2760A4501A8425AD000910EB /* Info.plist */,
				2760A4511A8425AD000910EB /* main.m */,
			);
			name = "Supporting Files";
			sourceTree = "<group>";
		};
		2760A4961A8425FD000910EB /* Frameworks */ = {
			isa = PBXGroup;
			children = (
				2760A4C21A842C36000910EB /* UIKit.framework */,
				2760A4C01A842C31000910EB /* SystemConfiguration.framework */,
				2760A4BE1A842C26000910EB /* StoreKit.framework */,
				2760A4BC1A842C1F000910EB /* Security.framework */,
				2760A4BA1A842C18000910EB /* QuartzCore.framework */,
				2760A4B81A842C11000910EB /* MobileCoreServices.framework */,
				2760A4B61A842C0A000910EB /* MapKit.framework */,
				2760A4B41A842BFF000910EB /* Foundation.framework */,
				2760A4B21A842BF5000910EB /* CoreLocation.framework */,
				2760A4B01A842BEE000910EB /* CoreGraphics.framework */,
				2760A4AE1A842BE7000910EB /* CoreData.framework */,
				2760A4AC1A842BDE000910EB /* CFNetwork.framework */,
				2760A4AA1A842BD9000910EB /* AudioToolbox.framework */,
				2760A4A81A842BD2000910EB /* Accelerate.framework */,
				E494B78D091830E020F742B5 /* libPods.a */,
				73A4286A4857F0A742134478 /* libPods-UnitTests.a */,
			);
			name = Frameworks;
			sourceTree = "<group>";
		};
		2760A49E1A842942000910EB /* UnitTests */ = {
			isa = PBXGroup;
			children = (
				2760A4A11A842942000910EB /* UnitTests.m */,
				2760A49F1A842942000910EB /* Supporting Files */,
			);
			path = UnitTests;
			sourceTree = "<group>";
		};
		2760A49F1A842942000910EB /* Supporting Files */ = {
			isa = PBXGroup;
			children = (
				2760A4A01A842942000910EB /* Info.plist */,
			);
			name = "Supporting Files";
			sourceTree = "<group>";
		};
		9B25D5DB562B7C5862744025 /* Pods */ = {
			isa = PBXGroup;
			children = (
				699D92A826BC3465A7DBE808 /* Pods.debug.xcconfig */,
				78E36776DE06B464B587F7B5 /* Pods.release.xcconfig */,
				35E2AAB3F3D491547CA0C9C7 /* Pods-UnitTests.debug.xcconfig */,
				A81EDF8DDE98CB191C12D327 /* Pods-UnitTests.release.xcconfig */,
			);
			name = Pods;
			sourceTree = "<group>";
		};
/* End PBXGroup section */

/* Begin PBXNativeTarget section */
		2760A44B1A8425AD000910EB /* goTennaApp */ = {
			isa = PBXNativeTarget;
			buildConfigurationList = 2760A4721A8425AD000910EB /* Build configuration list for PBXNativeTarget "goTennaApp" */;
			buildPhases = (
				CDF5B3EA5B8C7F2307F97ECE /* Check Pods Manifest.lock */,
				2760A4481A8425AD000910EB /* Sources */,
				2760A4491A8425AD000910EB /* Frameworks */,
				2760A44A1A8425AD000910EB /* Resources */,
				3CF38B2FFE79F902AF0C3600 /* Copy Pods Resources */,
			);
			buildRules = (
			);
			dependencies = (
			);
			name = goTennaApp;
			productName = goTennaApp;
			productReference = 2760A44C1A8425AD000910EB /* goTennaApp.app */;
			productType = "com.apple.product-type.application";
		};
		2760A49C1A842942000910EB /* UnitTests */ = {
			isa = PBXNativeTarget;
			buildConfigurationList = 2760A4A51A842942000910EB /* Build configuration list for PBXNativeTarget "UnitTests" */;
			buildPhases = (
				966D94E42FDA8794D73CA693 /* Check Pods Manifest.lock */,
				2760A4991A842942000910EB /* Sources */,
				2760A49A1A842942000910EB /* Frameworks */,
				2760A49B1A842942000910EB /* Resources */,
				2775AA46769FA321BA39E707 /* Copy Pods Resources */,
			);
			buildRules = (
			);
			dependencies = (
				2760A4A41A842942000910EB /* PBXTargetDependency */,
			);
			name = UnitTests;
			productName = UnitTests;
			productReference = 2760A49D1A842942000910EB /* UnitTests.xctest */;
			productType = "com.apple.product-type.bundle.unit-test";
		};
/* End PBXNativeTarget section */

/* Begin PBXProject section */
		2760A4441A8425AD000910EB /* Project object */ = {
			isa = PBXProject;
			attributes = {
				LastUpgradeCheck = 0610;
				ORGANIZATIONNAME = "Julietta Yaunches";
				TargetAttributes = {
					2760A44B1A8425AD000910EB = {
						CreatedOnToolsVersion = 6.1;
						DevelopmentTeam = 8FJ9RX9FK9;
					};
					2760A49C1A842942000910EB = {
						CreatedOnToolsVersion = 6.1;
						TestTargetID = 2760A44B1A8425AD000910EB;
					};
				};
			};
			buildConfigurationList = 2760A4471A8425AD000910EB /* Build configuration list for PBXProject "goTennaApp" */;
			compatibilityVersion = "Xcode 3.2";
			developmentRegion = English;
			hasScannedForEncodings = 0;
			knownRegions = (
				en,
				Base,
			);
			mainGroup = 2760A4431A8425AD000910EB;
			productRefGroup = 2760A44D1A8425AD000910EB /* Products */;
			projectDirPath = "";
			projectRoot = "";
			targets = (
				2760A44B1A8425AD000910EB /* goTennaApp */,
				2760A49C1A842942000910EB /* UnitTests */,
			);
		};
/* End PBXProject section */

/* Begin PBXResourcesBuildPhase section */
		2760A44A1A8425AD000910EB /* Resources */ = {
			isa = PBXResourcesBuildPhase;
			buildActionMask = 2147483647;
			files = (
				2760A45E1A8425AD000910EB /* Main.storyboard in Resources */,
				2760A4631A8425AD000910EB /* LaunchScreen.xib in Resources */,
				2760A4601A8425AD000910EB /* Images.xcassets in Resources */,
			);
			runOnlyForDeploymentPostprocessing = 0;
		};
		2760A49B1A842942000910EB /* Resources */ = {
			isa = PBXResourcesBuildPhase;
			buildActionMask = 2147483647;
			files = (
			);
			runOnlyForDeploymentPostprocessing = 0;
		};
/* End PBXResourcesBuildPhase section */

/* Begin PBXShellScriptBuildPhase section */
		2775AA46769FA321BA39E707 /* Copy Pods Resources */ = {
			isa = PBXShellScriptBuildPhase;
			buildActionMask = 2147483647;
			files = (
			);
			inputPaths = (
			);
			name = "Copy Pods Resources";
			outputPaths = (
			);
			runOnlyForDeploymentPostprocessing = 0;
			shellPath = /bin/sh;
			shellScript = "\"${SRCROOT}/Pods/Target Support Files/Pods-UnitTests/Pods-UnitTests-resources.sh\"\n";
			showEnvVarsInLog = 0;
		};
		3CF38B2FFE79F902AF0C3600 /* Copy Pods Resources */ = {
			isa = PBXShellScriptBuildPhase;
			buildActionMask = 2147483647;
			files = (
			);
			inputPaths = (
			);
			name = "Copy Pods Resources";
			outputPaths = (
			);
			runOnlyForDeploymentPostprocessing = 0;
			shellPath = /bin/sh;
			shellScript = "\"${SRCROOT}/Pods/Target Support Files/Pods/Pods-resources.sh\"\n";
			showEnvVarsInLog = 0;
		};
		966D94E42FDA8794D73CA693 /* Check Pods Manifest.lock */ = {
			isa = PBXShellScriptBuildPhase;
			buildActionMask = 2147483647;
			files = (
			);
			inputPaths = (
			);
			name = "Check Pods Manifest.lock";
			outputPaths = (
			);
			runOnlyForDeploymentPostprocessing = 0;
			shellPath = /bin/sh;
			shellScript = "diff \"${PODS_ROOT}/../Podfile.lock\" \"${PODS_ROOT}/Manifest.lock\" > /dev/null\nif [[ $? != 0 ]] ; then\n    cat << EOM\nerror: The sandbox is not in sync with the Podfile.lock. Run 'pod install' or update your CocoaPods installation.\nEOM\n    exit 1\nfi\n";
			showEnvVarsInLog = 0;
		};
		CDF5B3EA5B8C7F2307F97ECE /* Check Pods Manifest.lock */ = {
			isa = PBXShellScriptBuildPhase;
			buildActionMask = 2147483647;
			files = (
			);
			inputPaths = (
			);
			name = "Check Pods Manifest.lock";
			outputPaths = (
			);
			runOnlyForDeploymentPostprocessing = 0;
			shellPath = /bin/sh;
			shellScript = "diff \"${PODS_ROOT}/../Podfile.lock\" \"${PODS_ROOT}/Manifest.lock\" > /dev/null\nif [[ $? != 0 ]] ; then\n    cat << EOM\nerror: The sandbox is not in sync with the Podfile.lock. Run 'pod install' or update your CocoaPods installation.\nEOM\n    exit 1\nfi\n";
			showEnvVarsInLog = 0;
		};
/* End PBXShellScriptBuildPhase section */

/* Begin PBXSourcesBuildPhase section */
		2760A4481A8425AD000910EB /* Sources */ = {
			isa = PBXSourcesBuildPhase;
			buildActionMask = 2147483647;
			files = (
				2760A4551A8425AD000910EB /* AppDelegate.m in Sources */,
				2760A4521A8425AD000910EB /* main.m in Sources */,
				2760A45B1A8425AD000910EB /* ViewController.m in Sources */,
				2760A4581A8425AD000910EB /* goTennaApp.xcdatamodeld in Sources */,
			);
			runOnlyForDeploymentPostprocessing = 0;
		};
		2760A4991A842942000910EB /* Sources */ = {
			isa = PBXSourcesBuildPhase;
			buildActionMask = 2147483647;
			files = (
				2760A4A21A842942000910EB /* UnitTests.m in Sources */,
			);
			runOnlyForDeploymentPostprocessing = 0;
		};
/* End PBXSourcesBuildPhase section */

/* Begin PBXTargetDependency section */
		2760A4A41A842942000910EB /* PBXTargetDependency */ = {
			isa = PBXTargetDependency;
			target = 2760A44B1A8425AD000910EB /* goTennaApp */;
			targetProxy = 2760A4A31A842942000910EB /* PBXContainerItemProxy */;
		};
/* End PBXTargetDependency section */

/* Begin PBXVariantGroup section */
		2760A45C1A8425AD000910EB /* Main.storyboard */ = {
			isa = PBXVariantGroup;
			children = (
				2760A45D1A8425AD000910EB /* Base */,
			);
			name = Main.storyboard;
			sourceTree = "<group>";
		};
		2760A4611A8425AD000910EB /* LaunchScreen.xib */ = {
			isa = PBXVariantGroup;
			children = (
				2760A4621A8425AD000910EB /* Base */,
			);
			name = LaunchScreen.xib;
			sourceTree = "<group>";
		};
/* End PBXVariantGroup section */

/* Begin XCBuildConfiguration section */
		2760A4701A8425AD000910EB /* Debug */ = {
			isa = XCBuildConfiguration;
			buildSettings = {
				ALWAYS_SEARCH_USER_PATHS = YES;
				CLANG_CXX_LANGUAGE_STANDARD = "c++0x";
				CLANG_CXX_LIBRARY = "libc++";
				CLANG_ENABLE_MODULES = YES;
				CLANG_ENABLE_OBJC_ARC = YES;
				CLANG_WARN_BOOL_CONVERSION = YES;
				CLANG_WARN_CONSTANT_CONVERSION = YES;
				CLANG_WARN_DIRECT_OBJC_ISA_USAGE = YES_ERROR;
				CLANG_WARN_EMPTY_BODY = YES;
				CLANG_WARN_ENUM_CONVERSION = YES;
				CLANG_WARN_INT_CONVERSION = YES;
				CLANG_WARN_OBJC_ROOT_CLASS = YES_ERROR;
				CLANG_WARN_UNREACHABLE_CODE = YES;
				CLANG_WARN__DUPLICATE_METHOD_MATCH = YES;
				"CODE_SIGN_IDENTITY[sdk=iphoneos*]" = "iPhone Developer";
				COPY_PHASE_STRIP = NO;
				ENABLE_STRICT_OBJC_MSGSEND = YES;
				GCC_C_LANGUAGE_STANDARD = gnu99;
				GCC_DYNAMIC_NO_PIC = NO;
				GCC_INPUT_FILETYPE = sourcecode.cpp.objcpp;
				GCC_OPTIMIZATION_LEVEL = 0;
				GCC_PREPROCESSOR_DEFINITIONS = (
					"DEBUG=1",
					"$(inherited)",
				);
				GCC_SYMBOLS_PRIVATE_EXTERN = NO;
				GCC_WARN_64_TO_32_BIT_CONVERSION = YES;
				GCC_WARN_ABOUT_RETURN_TYPE = YES_ERROR;
				GCC_WARN_UNDECLARED_SELECTOR = YES;
				GCC_WARN_UNINITIALIZED_AUTOS = YES_AGGRESSIVE;
				GCC_WARN_UNUSED_FUNCTION = YES;
				GCC_WARN_UNUSED_VARIABLE = YES;
				IPHONEOS_DEPLOYMENT_TARGET = 8.1;
				LIBRARY_SEARCH_PATHS = "/usr/local/cryptopp-ios/lib";
				MTL_ENABLE_DEBUG_INFO = YES;
				ONLY_ACTIVE_ARCH = YES;
				SDKROOT = iphoneos;
				USER_HEADER_SEARCH_PATHS = "/usr/local/cryptopp-ios/include";
			};
			name = Debug;
		};
		2760A4711A8425AD000910EB /* Release */ = {
			isa = XCBuildConfiguration;
			buildSettings = {
				ALWAYS_SEARCH_USER_PATHS = YES;
				CLANG_CXX_LANGUAGE_STANDARD = "c++0x";
				CLANG_CXX_LIBRARY = "libc++";
				CLANG_ENABLE_MODULES = YES;
				CLANG_ENABLE_OBJC_ARC = YES;
				CLANG_WARN_BOOL_CONVERSION = YES;
				CLANG_WARN_CONSTANT_CONVERSION = YES;
				CLANG_WARN_DIRECT_OBJC_ISA_USAGE = YES_ERROR;
				CLANG_WARN_EMPTY_BODY = YES;
				CLANG_WARN_ENUM_CONVERSION = YES;
				CLANG_WARN_INT_CONVERSION = YES;
				CLANG_WARN_OBJC_ROOT_CLASS = YES_ERROR;
				CLANG_WARN_UNREACHABLE_CODE = YES;
				CLANG_WARN__DUPLICATE_METHOD_MATCH = YES;
				"CODE_SIGN_IDENTITY[sdk=iphoneos*]" = "iPhone Developer";
				COPY_PHASE_STRIP = YES;
				ENABLE_NS_ASSERTIONS = NO;
				ENABLE_STRICT_OBJC_MSGSEND = YES;
				GCC_C_LANGUAGE_STANDARD = gnu99;
				GCC_INPUT_FILETYPE = sourcecode.cpp.objcpp;
				GCC_WARN_64_TO_32_BIT_CONVERSION = YES;
				GCC_WARN_ABOUT_RETURN_TYPE = YES_ERROR;
				GCC_WARN_UNDECLARED_SELECTOR = YES;
				GCC_WARN_UNINITIALIZED_AUTOS = YES_AGGRESSIVE;
				GCC_WARN_UNUSED_FUNCTION = YES;
				GCC_WARN_UNUSED_VARIABLE = YES;
				IPHONEOS_DEPLOYMENT_TARGET = 8.1;
				LIBRARY_SEARCH_PATHS = "/usr/local/cryptopp-ios/lib";
				MTL_ENABLE_DEBUG_INFO = NO;
				SDKROOT = iphoneos;
				USER_HEADER_SEARCH_PATHS = "/usr/local/cryptopp-ios/include";
				VALIDATE_PRODUCT = YES;
			};
			name = Release;
		};
		2760A4731A8425AD000910EB /* Debug */ = {
			isa = XCBuildConfiguration;
			baseConfigurationReference = 699D92A826BC3465A7DBE808 /* Pods.debug.xcconfig */;
			buildSettings = {
				ASSETCATALOG_COMPILER_APPICON_NAME = AppIcon;
				CLANG_CXX_LANGUAGE_STANDARD = "c++0x";
				CODE_SIGN_IDENTITY = "iPhone Developer";
				"CODE_SIGN_IDENTITY[sdk=iphoneos*]" = "iPhone Developer";
				FRAMEWORK_SEARCH_PATHS = "$(inherited)";
				GCC_INPUT_FILETYPE = sourcecode.cpp.objcpp;
				GCC_PREPROCESSOR_DEFINITIONS = (
					"DEBUG=1",
					"CRYPTOPP_DISABLE_ASM=1",
					"$(inherited)",
				);
				INFOPLIST_FILE = goTennaApp/Info.plist;
				LD_RUNPATH_SEARCH_PATHS = "$(inherited) @executable_path/Frameworks";
				LIBRARY_SEARCH_PATHS = (
					"$(inherited)",
					"/usr/local/cryptopp-ios/lib",
				);
				PRODUCT_NAME = "$(TARGET_NAME)";
				PROVISIONING_PROFILE = "";
				USER_HEADER_SEARCH_PATHS = "/usr/local/cryptopp-ios/include";
			};
			name = Debug;
		};
		2760A4741A8425AD000910EB /* Release */ = {
			isa = XCBuildConfiguration;
			baseConfigurationReference = 78E36776DE06B464B587F7B5 /* Pods.release.xcconfig */;
			buildSettings = {
				ASSETCATALOG_COMPILER_APPICON_NAME = AppIcon;
				CLANG_CXX_LANGUAGE_STANDARD = "c++0x";
				CODE_SIGN_IDENTITY = "iPhone Developer";
				"CODE_SIGN_IDENTITY[sdk=iphoneos*]" = "iPhone Developer";
				FRAMEWORK_SEARCH_PATHS = "$(inherited)";
				GCC_INPUT_FILETYPE = sourcecode.cpp.objcpp;
				GCC_PREPROCESSOR_DEFINITIONS = (
					"NDEBUG=1",
					"NS_BLOCK_ASSERTIONS=1",
					"CRYPTOPP_DISABLE_ASM=1",
					"$(inherited)",
				);
				INFOPLIST_FILE = goTennaApp/Info.plist;
				LD_RUNPATH_SEARCH_PATHS = "$(inherited) @executable_path/Frameworks";
				LIBRARY_SEARCH_PATHS = (
					"$(inherited)",
					"/usr/local/cryptopp-ios/lib",
				);
				PRODUCT_NAME = "$(TARGET_NAME)";
				PROVISIONING_PROFILE = "";
				USER_HEADER_SEARCH_PATHS = "/usr/local/cryptopp-ios/include";
			};
			name = Release;
		};
		2760A4A61A842942000910EB /* Debug */ = {
			isa = XCBuildConfiguration;
			baseConfigurationReference = 35E2AAB3F3D491547CA0C9C7 /* Pods-UnitTests.debug.xcconfig */;
			buildSettings = {
				ALWAYS_SEARCH_USER_PATHS = NO;
				BUNDLE_LOADER = "$(TEST_HOST)";
				CLANG_CXX_LANGUAGE_STANDARD = "gnu++0x";
				FRAMEWORK_SEARCH_PATHS = (
					"$(SDKROOT)/Developer/Library/Frameworks",
					"$(inherited)",
				);
				GCC_PREPROCESSOR_DEFINITIONS = (
					"DEBUG=1",
					"$(inherited)",
				);
				INFOPLIST_FILE = UnitTests/Info.plist;
				LD_RUNPATH_SEARCH_PATHS = "$(inherited) @executable_path/Frameworks @loader_path/Frameworks";
				PRODUCT_NAME = "$(TARGET_NAME)";
				TEST_HOST = "$(BUILT_PRODUCTS_DIR)/goTennaApp.app/goTennaApp";
			};
			name = Debug;
		};
		2760A4A71A842942000910EB /* Release */ = {
			isa = XCBuildConfiguration;
			baseConfigurationReference = A81EDF8DDE98CB191C12D327 /* Pods-UnitTests.release.xcconfig */;
			buildSettings = {
				ALWAYS_SEARCH_USER_PATHS = NO;
				BUNDLE_LOADER = "$(TEST_HOST)";
				CLANG_CXX_LANGUAGE_STANDARD = "gnu++0x";
				FRAMEWORK_SEARCH_PATHS = (
					"$(SDKROOT)/Developer/Library/Frameworks",
					"$(inherited)",
				);
				INFOPLIST_FILE = UnitTests/Info.plist;
				LD_RUNPATH_SEARCH_PATHS = "$(inherited) @executable_path/Frameworks @loader_path/Frameworks";
				PRODUCT_NAME = "$(TARGET_NAME)";
				TEST_HOST = "$(BUILT_PRODUCTS_DIR)/goTennaApp.app/goTennaApp";
			};
			name = Release;
		};
/* End XCBuildConfiguration section */

/* Begin XCConfigurationList section */
		2760A4471A8425AD000910EB /* Build configuration list for PBXProject "goTennaApp" */ = {
			isa = XCConfigurationList;
			buildConfigurations = (
				2760A4701A8425AD000910EB /* Debug */,
				2760A4711A8425AD000910EB /* Release */,
			);
			defaultConfigurationIsVisible = 0;
			defaultConfigurationName = Release;
		};
		2760A4721A8425AD000910EB /* Build configuration list for PBXNativeTarget "goTennaApp" */ = {
			isa = XCConfigurationList;
			buildConfigurations = (
				2760A4731A8425AD000910EB /* Debug */,
				2760A4741A8425AD000910EB /* Release */,
			);
			defaultConfigurationIsVisible = 0;
			defaultConfigurationName = Release;
		};
		2760A4A51A842942000910EB /* Build configuration list for PBXNativeTarget "UnitTests" */ = {
			isa = XCConfigurationList;
			buildConfigurations = (
				2760A4A61A842942000910EB /* Debug */,
				2760A4A71A842942000910EB /* Release */,
			);
			defaultConfigurationIsVisible = 0;
			defaultConfigurationName = Release;
		};
/* End XCConfigurationList section */

/* Begin XCVersionGroup section */
		2760A4561A8425AD000910EB /* goTennaApp.xcdatamodeld */ = {
			isa = XCVersionGroup;
			children = (
				2760A4571A8425AD000910EB /* goTennaApp.xcdatamodel */,
			);
			currentVersion = 2760A4571A8425AD000910EB /* goTennaApp.xcdatamodel */;
			path = goTennaApp.xcdatamodeld;
			sourceTree = "<group>";
			versionGroupType = wrapper.xcdatamodel;
		};
/* End XCVersionGroup section */
	};
	rootObject = 2760A4441A8425AD000910EB /* Project object */;
}
